
Microsoft Visual Studio Solution File, Format Version 12.00
# Visual Studio Version 17
VisualStudioVersion = 17.9.34701.34
MinimumVisualStudioVersion = 10.0.40219.1
Project("{9A19103F-16F7-4668-BE54-9A1E7A4F7556}") = "WinFormsApp001_HolaMundo", "WinFormsApp001_HolaMundo\WinFormsApp001_HolaMundo.csproj", "{D963C4A9-ACAA-4A63-AB22-A57756CED0F5}"
EndProject
Project("{9A19103F-16F7-4668-BE54-9A1E7A4F7556}") = "WinFormsApp002_Saludador", "WinFormsApp002_Saludador\WinFormsApp002_Saludador.csproj", "{B4BFC5A4-A83C-4E78-9B15-3E265A77E455}"
EndProject
Project("{FAE04EC0-301F-11D3-BF4B-00C04F79EFBC}") = "WinFormsApp003_CalculadorNotas", "WinFormsApp003_CalculadorNotas\WinFormsApp003_CalculadorNotas.csproj", "{D5A1FB44-348D-4A2C-802D-DCD45287F767}"
EndProject
Global
	GlobalSection(SolutionConfigurationPlatforms) = preSolution
		Debug|Any CPU = Debug|Any CPU
		Release|Any CPU = Release|Any CPU
	EndGlobalSection
	GlobalSection(ProjectConfigurationPlatforms) = postSolution
		{D963C4A9-ACAA-4A63-AB22-A57756CED0F5}.Debug|Any CPU.ActiveCfg = Debug|Any CPU
		{D963C4A9-ACAA-4A63-AB22-A57756CED0F5}.Debug|Any CPU.Build.0 = Debug|Any CPU
		{D963C4A9-ACAA-4A63-AB22-A57756CED0F5}.Release|Any CPU.ActiveCfg = Release|Any CPU
		{D963C4A9-ACAA-4A63-AB22-A57756CED0F5}.Release|Any CPU.Build.0 = Release|Any CPU
		{B4BFC5A4-A83C-4E78-9B15-3E265A77E455}.Debug|Any CPU.ActiveCfg = Debug|Any CPU
		{B4BFC5A4-A83C-4E78-9B15-3E265A77E455}.Debug|Any CPU.Build.0 = Debug|Any CPU
		{B4BFC5A4-A83C-4E78-9B15-3E265A77E455}.Release|Any CPU.ActiveCfg = Release|Any CPU
		{B4BFC5A4-A83C-4E78-9B15-3E265A77E455}.Release|Any CPU.Build.0 = Release|Any CPU
		{D5A1FB44-348D-4A2C-802D-DCD45287F767}.Debug|Any CPU.ActiveCfg = Debug|Any CPU
		{D5A1FB44-348D-4A2C-802D-DCD45287F767}.Debug|Any CPU.Build.0 = Debug|Any CPU
		{D5A1FB44-348D-4A2C-802D-DCD45287F767}.Release|Any CPU.ActiveCfg = Release|Any CPU
		{D5A1FB44-348D-4A2C-802D-DCD45287F767}.Release|Any CPU.Build.0 = Release|Any CPU
	EndGlobalSection
	GlobalSection(SolutionProperties) = preSolution
		HideSolutionNode = FALSE
	EndGlobalSection
	GlobalSection(ExtensibilityGlobals) = postSolution
		SolutionGuid = {EFD2FFAD-1DB5-4C70-B733-1B999D5AE7DC}
	EndGlobalSection
EndGlobal
