
Microsoft Visual Studio Solution File, Format Version 12.00
# Visual Studio Version 17
VisualStudioVersion = 17.9.34701.34
MinimumVisualStudioVersion = 10.0.40219.1
Project("{9A19103F-16F7-4668-BE54-9A1E7A4F7556}") = "WinFormsApp001_HolaMundo", "WinFormsApp001_HolaMundo\WinFormsApp001_HolaMundo.csproj", "{D963C4A9-ACAA-4A63-AB22-A57756CED0F5}"
EndProject
Project("{9A19103F-16F7-4668-BE54-9A1E7A4F7556}") = "WinFormsApp002_Saludador", "WinFormsApp002_Saludador\WinFormsApp002_Saludador.csproj", "{B4BFC5A4-A83C-4E78-9B15-3E265A77E455}"
EndProject
Project("{9A19103F-16F7-4668-BE54-9A1E7A4F7556}") = "WinFormsApp003_CalculadorNotas", "WinFormsApp003_CalculadorNotas\WinFormsApp003_CalculadorNotas.csproj", "{D5A1FB44-348D-4A2C-802D-DCD45287F767}"
EndProject
Project("{9A19103F-16F7-4668-BE54-9A1E7A4F7556}") = "WinFormsApp004_ValidadorNumerosPares", "WinFormsApp004_ValidadorNumerosPares\WinFormsApp004_ValidadorNumerosPares.csproj", "{80BC9EE3-132F-45C8-ABE7-33738D4F4742}"
EndProject
Project("{9A19103F-16F7-4668-BE54-9A1E7A4F7556}") = "WinFormsApp005_CalculadorMesAño", "WinFormsApp005_CalculadorMesAño\WinFormsApp005_CalculadorMesAño.csproj", "{9A20D4ED-27E8-4616-A6BD-D8B541109BD8}"
EndProject
Project("{9A19103F-16F7-4668-BE54-9A1E7A4F7556}") = "WinFormsApp006_TablaDeMultiplicar", "WinFormsApp006_TablaDeMultiplicar\WinFormsApp006_TablaDeMultiplicar.csproj", "{4BA1ADEF-3825-4510-8D22-00487E60CF3E}"
EndProject
Project("{9A19103F-16F7-4668-BE54-9A1E7A4F7556}") = "WinFormsApp007_RepetidorDeMensaje", "WinFormsApp007_RepetidorDeMensaje\WinFormsApp007_RepetidorDeMensaje.csproj", "{A5DD10B0-562D-489C-ACD7-5A7BA76AB2BD}"
EndProject
Project("{FAE04EC0-301F-11D3-BF4B-00C04F79EFBC}") = "WinFormsApp008_BuscadorDeProductos", "WinFormsApp008_BuscadorDeProductos\WinFormsApp008_BuscadorDeProductos.csproj", "{5EB7D23B-59F1-4559-B9DD-E44FAC8338B4}"
EndProject
Global
	GlobalSection(SolutionConfigurationPlatforms) = preSolution
		Debug|Any CPU = Debug|Any CPU
		Release|Any CPU = Release|Any CPU
	EndGlobalSection
	GlobalSection(ProjectConfigurationPlatforms) = postSolution
		{D963C4A9-ACAA-4A63-AB22-A57756CED0F5}.Debug|Any CPU.ActiveCfg = Debug|Any CPU
		{D963C4A9-ACAA-4A63-AB22-A57756CED0F5}.Debug|Any CPU.Build.0 = Debug|Any CPU
		{D963C4A9-ACAA-4A63-AB22-A57756CED0F5}.Release|Any CPU.ActiveCfg = Release|Any CPU
		{D963C4A9-ACAA-4A63-AB22-A57756CED0F5}.Release|Any CPU.Build.0 = Release|Any CPU
		{B4BFC5A4-A83C-4E78-9B15-3E265A77E455}.Debug|Any CPU.ActiveCfg = Debug|Any CPU
		{B4BFC5A4-A83C-4E78-9B15-3E265A77E455}.Debug|Any CPU.Build.0 = Debug|Any CPU
		{B4BFC5A4-A83C-4E78-9B15-3E265A77E455}.Release|Any CPU.ActiveCfg = Release|Any CPU
		{B4BFC5A4-A83C-4E78-9B15-3E265A77E455}.Release|Any CPU.Build.0 = Release|Any CPU
		{D5A1FB44-348D-4A2C-802D-DCD45287F767}.Debug|Any CPU.ActiveCfg = Debug|Any CPU
		{D5A1FB44-348D-4A2C-802D-DCD45287F767}.Debug|Any CPU.Build.0 = Debug|Any CPU
		{D5A1FB44-348D-4A2C-802D-DCD45287F767}.Release|Any CPU.ActiveCfg = Release|Any CPU
		{D5A1FB44-348D-4A2C-802D-DCD45287F767}.Release|Any CPU.Build.0 = Release|Any CPU
		{80BC9EE3-132F-45C8-ABE7-33738D4F4742}.Debug|Any CPU.ActiveCfg = Debug|Any CPU
		{80BC9EE3-132F-45C8-ABE7-33738D4F4742}.Debug|Any CPU.Build.0 = Debug|Any CPU
		{80BC9EE3-132F-45C8-ABE7-33738D4F4742}.Release|Any CPU.ActiveCfg = Release|Any CPU
		{80BC9EE3-132F-45C8-ABE7-33738D4F4742}.Release|Any CPU.Build.0 = Release|Any CPU
		{9A20D4ED-27E8-4616-A6BD-D8B541109BD8}.Debug|Any CPU.ActiveCfg = Debug|Any CPU
		{9A20D4ED-27E8-4616-A6BD-D8B541109BD8}.Debug|Any CPU.Build.0 = Debug|Any CPU
		{9A20D4ED-27E8-4616-A6BD-D8B541109BD8}.Release|Any CPU.ActiveCfg = Release|Any CPU
		{9A20D4ED-27E8-4616-A6BD-D8B541109BD8}.Release|Any CPU.Build.0 = Release|Any CPU
		{4BA1ADEF-3825-4510-8D22-00487E60CF3E}.Debug|Any CPU.ActiveCfg = Debug|Any CPU
		{4BA1ADEF-3825-4510-8D22-00487E60CF3E}.Debug|Any CPU.Build.0 = Debug|Any CPU
		{4BA1ADEF-3825-4510-8D22-00487E60CF3E}.Release|Any CPU.ActiveCfg = Release|Any CPU
		{4BA1ADEF-3825-4510-8D22-00487E60CF3E}.Release|Any CPU.Build.0 = Release|Any CPU
		{A5DD10B0-562D-489C-ACD7-5A7BA76AB2BD}.Debug|Any CPU.ActiveCfg = Debug|Any CPU
		{A5DD10B0-562D-489C-ACD7-5A7BA76AB2BD}.Debug|Any CPU.Build.0 = Debug|Any CPU
		{A5DD10B0-562D-489C-ACD7-5A7BA76AB2BD}.Release|Any CPU.ActiveCfg = Release|Any CPU
		{A5DD10B0-562D-489C-ACD7-5A7BA76AB2BD}.Release|Any CPU.Build.0 = Release|Any CPU
		{5EB7D23B-59F1-4559-B9DD-E44FAC8338B4}.Debug|Any CPU.ActiveCfg = Debug|Any CPU
		{5EB7D23B-59F1-4559-B9DD-E44FAC8338B4}.Debug|Any CPU.Build.0 = Debug|Any CPU
		{5EB7D23B-59F1-4559-B9DD-E44FAC8338B4}.Release|Any CPU.ActiveCfg = Release|Any CPU
		{5EB7D23B-59F1-4559-B9DD-E44FAC8338B4}.Release|Any CPU.Build.0 = Release|Any CPU
	EndGlobalSection
	GlobalSection(SolutionProperties) = preSolution
		HideSolutionNode = FALSE
	EndGlobalSection
	GlobalSection(ExtensibilityGlobals) = postSolution
		SolutionGuid = {EFD2FFAD-1DB5-4C70-B733-1B999D5AE7DC}
	EndGlobalSection
EndGlobal
